
Microsoft Visual Studio Solution File, Format Version 12.00
# Visual Studio Version 17
VisualStudioVersion = 17.1.32210.238
MinimumVisualStudioVersion = 10.0.40219.1
Project("{9A19103F-16F7-4668-BE54-9A1E7A4F7556}") = "C0AGQP_HFT_2021221.Client", "C0AGQP_HFT_2021221.Client\C0AGQP_HFT_2021221.Client.csproj", "{D3330027-1083-41ED-9624-14C20A4CFD78}"
EndProject
Project("{9A19103F-16F7-4668-BE54-9A1E7A4F7556}") = "C0AGQP_HFT_2021221.Models", "C0AGQP_HFT_2021221.Models\C0AGQP_HFT_2021221.Models.csproj", "{09FF0E83-8429-4ADE-B3D1-27E0177AAF96}"
EndProject
Project("{9A19103F-16F7-4668-BE54-9A1E7A4F7556}") = "C0AGQP_HFT_2021221.Data", "C0AGQP_HFT_2021221.Data\C0AGQP_HFT_2021221.Data.csproj", "{86FE52F7-0BEF-4987-8539-D69E58E9F2B4}"
EndProject
Project("{9A19103F-16F7-4668-BE54-9A1E7A4F7556}") = "C0AGQP_HFT_2021221.Logic", "C0AGQP_HFT_2021221.Logic\C0AGQP_HFT_2021221.Logic.csproj", "{352614FA-394E-4355-9FCB-FB7BB780E1AD}"
EndProject
Project("{9A19103F-16F7-4668-BE54-9A1E7A4F7556}") = "C0AGQP_HFT_2021221.Repository", "C0AGQP_HFT_2021221.Repository\C0AGQP_HFT_2021221.Repository.csproj", "{A4098B4D-CD36-45E3-B8B6-FB99A8E9FAEE}"
EndProject
Project("{9A19103F-16F7-4668-BE54-9A1E7A4F7556}") = "C0AGQP_HFT_2021221.Endpoint", "C0AGQP_HFT_2021221.Endpoint\C0AGQP_HFT_2021221.Endpoint.csproj", "{D153ACAA-D2E9-4492-81DC-B2F62110FC3D}"
EndProject
Project("{9A19103F-16F7-4668-BE54-9A1E7A4F7556}") = "C0AGQP_HFT_2021221.Test", "C0AGQP_HFT_2021221.Test\C0AGQP_HFT_2021221.Test.csproj", "{0E60EE1F-1CAE-4F85-A614-DB97CE624CB9}"
EndProject
Project("{2150E333-8FDC-42A3-9474-1A3956D46DE8}") = "Backend", "Backend", "{875B0CE7-C5D4-4613-97DB-346435883A1C}"
EndProject
Project("{2150E333-8FDC-42A3-9474-1A3956D46DE8}") = "Frontend", "Frontend", "{9FCD0856-FA68-46A9-A959-ADDE202D82CE}"
EndProject
Project("{2150E333-8FDC-42A3-9474-1A3956D46DE8}") = "Shared", "Shared", "{E5EDFD46-B0C9-457D-A0ED-19DDEE162D42}"
EndProject
Project("{2150E333-8FDC-42A3-9474-1A3956D46DE8}") = "Others", "Others", "{894FF2C2-0475-472D-B277-71B44939FB46}"
	ProjectSection(SolutionItems) = preProject
		.gitignore = .gitignore
	EndProjectSection
EndProject
Project("{9A19103F-16F7-4668-BE54-9A1E7A4F7556}") = "C0AGQP_HFT_2021221.WPFClient", "C0AGQP_HFT_2021221.WPFClient\C0AGQP_HFT_2021221.WPFClient.csproj", "{F494C3E1-E45E-48C8-B430-F4F43FF90614}"
EndProject
Project("{FAE04EC0-301F-11D3-BF4B-00C04F79EFBC}") = "C0AGQP_HFT_2021221.JSClient", "C0AGQP_HFT_2021221.JSClient\C0AGQP_HFT_2021221.JSClient.csproj", "{870D4C3E-36B1-4EA2-BCD2-9BCDC873BF2C}"
EndProject
Global
	GlobalSection(SolutionConfigurationPlatforms) = preSolution
		Debug|Any CPU = Debug|Any CPU
		Release|Any CPU = Release|Any CPU
	EndGlobalSection
	GlobalSection(ProjectConfigurationPlatforms) = postSolution
		{D3330027-1083-41ED-9624-14C20A4CFD78}.Debug|Any CPU.ActiveCfg = Debug|Any CPU
		{D3330027-1083-41ED-9624-14C20A4CFD78}.Debug|Any CPU.Build.0 = Debug|Any CPU
		{D3330027-1083-41ED-9624-14C20A4CFD78}.Release|Any CPU.ActiveCfg = Release|Any CPU
		{D3330027-1083-41ED-9624-14C20A4CFD78}.Release|Any CPU.Build.0 = Release|Any CPU
		{09FF0E83-8429-4ADE-B3D1-27E0177AAF96}.Debug|Any CPU.ActiveCfg = Debug|Any CPU
		{09FF0E83-8429-4ADE-B3D1-27E0177AAF96}.Debug|Any CPU.Build.0 = Debug|Any CPU
		{09FF0E83-8429-4ADE-B3D1-27E0177AAF96}.Release|Any CPU.ActiveCfg = Release|Any CPU
		{09FF0E83-8429-4ADE-B3D1-27E0177AAF96}.Release|Any CPU.Build.0 = Release|Any CPU
		{86FE52F7-0BEF-4987-8539-D69E58E9F2B4}.Debug|Any CPU.ActiveCfg = Debug|Any CPU
		{86FE52F7-0BEF-4987-8539-D69E58E9F2B4}.Debug|Any CPU.Build.0 = Debug|Any CPU
		{86FE52F7-0BEF-4987-8539-D69E58E9F2B4}.Release|Any CPU.ActiveCfg = Release|Any CPU
		{86FE52F7-0BEF-4987-8539-D69E58E9F2B4}.Release|Any CPU.Build.0 = Release|Any CPU
		{352614FA-394E-4355-9FCB-FB7BB780E1AD}.Debug|Any CPU.ActiveCfg = Debug|Any CPU
		{352614FA-394E-4355-9FCB-FB7BB780E1AD}.Debug|Any CPU.Build.0 = Debug|Any CPU
		{352614FA-394E-4355-9FCB-FB7BB780E1AD}.Release|Any CPU.ActiveCfg = Release|Any CPU
		{352614FA-394E-4355-9FCB-FB7BB780E1AD}.Release|Any CPU.Build.0 = Release|Any CPU
		{A4098B4D-CD36-45E3-B8B6-FB99A8E9FAEE}.Debug|Any CPU.ActiveCfg = Debug|Any CPU
		{A4098B4D-CD36-45E3-B8B6-FB99A8E9FAEE}.Debug|Any CPU.Build.0 = Debug|Any CPU
		{A4098B4D-CD36-45E3-B8B6-FB99A8E9FAEE}.Release|Any CPU.ActiveCfg = Release|Any CPU
		{A4098B4D-CD36-45E3-B8B6-FB99A8E9FAEE}.Release|Any CPU.Build.0 = Release|Any CPU
		{D153ACAA-D2E9-4492-81DC-B2F62110FC3D}.Debug|Any CPU.ActiveCfg = Debug|Any CPU
		{D153ACAA-D2E9-4492-81DC-B2F62110FC3D}.Debug|Any CPU.Build.0 = Debug|Any CPU
		{D153ACAA-D2E9-4492-81DC-B2F62110FC3D}.Release|Any CPU.ActiveCfg = Release|Any CPU
		{D153ACAA-D2E9-4492-81DC-B2F62110FC3D}.Release|Any CPU.Build.0 = Release|Any CPU
		{0E60EE1F-1CAE-4F85-A614-DB97CE624CB9}.Debug|Any CPU.ActiveCfg = Debug|Any CPU
		{0E60EE1F-1CAE-4F85-A614-DB97CE624CB9}.Debug|Any CPU.Build.0 = Debug|Any CPU
		{0E60EE1F-1CAE-4F85-A614-DB97CE624CB9}.Release|Any CPU.ActiveCfg = Release|Any CPU
		{0E60EE1F-1CAE-4F85-A614-DB97CE624CB9}.Release|Any CPU.Build.0 = Release|Any CPU
		{F494C3E1-E45E-48C8-B430-F4F43FF90614}.Debug|Any CPU.ActiveCfg = Debug|Any CPU
		{F494C3E1-E45E-48C8-B430-F4F43FF90614}.Debug|Any CPU.Build.0 = Debug|Any CPU
		{F494C3E1-E45E-48C8-B430-F4F43FF90614}.Release|Any CPU.ActiveCfg = Release|Any CPU
		{F494C3E1-E45E-48C8-B430-F4F43FF90614}.Release|Any CPU.Build.0 = Release|Any CPU
		{870D4C3E-36B1-4EA2-BCD2-9BCDC873BF2C}.Debug|Any CPU.ActiveCfg = Debug|Any CPU
		{870D4C3E-36B1-4EA2-BCD2-9BCDC873BF2C}.Debug|Any CPU.Build.0 = Debug|Any CPU
		{870D4C3E-36B1-4EA2-BCD2-9BCDC873BF2C}.Release|Any CPU.ActiveCfg = Release|Any CPU
		{870D4C3E-36B1-4EA2-BCD2-9BCDC873BF2C}.Release|Any CPU.Build.0 = Release|Any CPU
	EndGlobalSection
	GlobalSection(SolutionProperties) = preSolution
		HideSolutionNode = FALSE
	EndGlobalSection
	GlobalSection(NestedProjects) = preSolution
		{D3330027-1083-41ED-9624-14C20A4CFD78} = {9FCD0856-FA68-46A9-A959-ADDE202D82CE}
		{09FF0E83-8429-4ADE-B3D1-27E0177AAF96} = {E5EDFD46-B0C9-457D-A0ED-19DDEE162D42}
		{86FE52F7-0BEF-4987-8539-D69E58E9F2B4} = {875B0CE7-C5D4-4613-97DB-346435883A1C}
		{352614FA-394E-4355-9FCB-FB7BB780E1AD} = {875B0CE7-C5D4-4613-97DB-346435883A1C}
		{A4098B4D-CD36-45E3-B8B6-FB99A8E9FAEE} = {875B0CE7-C5D4-4613-97DB-346435883A1C}
		{D153ACAA-D2E9-4492-81DC-B2F62110FC3D} = {875B0CE7-C5D4-4613-97DB-346435883A1C}
		{0E60EE1F-1CAE-4F85-A614-DB97CE624CB9} = {875B0CE7-C5D4-4613-97DB-346435883A1C}
		{F494C3E1-E45E-48C8-B430-F4F43FF90614} = {9FCD0856-FA68-46A9-A959-ADDE202D82CE}
		{870D4C3E-36B1-4EA2-BCD2-9BCDC873BF2C} = {9FCD0856-FA68-46A9-A959-ADDE202D82CE}
	EndGlobalSection
	GlobalSection(ExtensibilityGlobals) = postSolution
		SolutionGuid = {74072FD5-1630-42A4-BC71-62BB6C34D7C3}
	EndGlobalSection
EndGlobal
